// !$*UTF8*$!
{
	archiveVersion = 1;
	classes = {
	};
	objectVersion = 46;
	objects = {

/* Begin PBXBuildFile section */
		CE9E791216E0D68900AEA5E4 /* CurrencyPicker.m in Sources */ = {isa = PBXBuildFile; fileRef = CE9E791116E0D68900AEA5E4 /* CurrencyPicker.m */; };
		CEAC3EA716DBBCEF008CDDC9 /* InfoPlist.strings in Resources */ = {isa = PBXBuildFile; fileRef = CEAC3EA516DBBCEF008CDDC9 /* InfoPlist.strings */; };
		CEAC3EAC16DBBE7C008CDDC9 /* Localizable.strings in Resources */ = {isa = PBXBuildFile; fileRef = CEAC3EAA16DBBE7C008CDDC9 /* Localizable.strings */; };
		CEAC4FC816CE974D00CEFD55 /* UIKit.framework in Frameworks */ = {isa = PBXBuildFile; fileRef = CEAC4FC716CE974D00CEFD55 /* UIKit.framework */; };
		CEAC4FCA16CE974D00CEFD55 /* Foundation.framework in Frameworks */ = {isa = PBXBuildFile; fileRef = CEAC4FC916CE974D00CEFD55 /* Foundation.framework */; };
		CEAC4FCC16CE974D00CEFD55 /* CoreGraphics.framework in Frameworks */ = {isa = PBXBuildFile; fileRef = CEAC4FCB16CE974D00CEFD55 /* CoreGraphics.framework */; };
		CEAC4FD416CE974D00CEFD55 /* main.m in Sources */ = {isa = PBXBuildFile; fileRef = CEAC4FD316CE974D00CEFD55 /* main.m */; };
		CEAC4FD816CE974D00CEFD55 /* O2AppDelegate.m in Sources */ = {isa = PBXBuildFile; fileRef = CEAC4FD716CE974D00CEFD55 /* O2AppDelegate.m */; };
		CEAC4FDA16CE974D00CEFD55 /* Default.png in Resources */ = {isa = PBXBuildFile; fileRef = CEAC4FD916CE974D00CEFD55 /* Default.png */; };
		CEAC4FDC16CE974E00CEFD55 /* Default@2x.png in Resources */ = {isa = PBXBuildFile; fileRef = CEAC4FDB16CE974E00CEFD55 /* Default@2x.png */; };
		CEAC4FDE16CE974E00CEFD55 /* Default-568h@2x.png in Resources */ = {isa = PBXBuildFile; fileRef = CEAC4FDD16CE974E00CEFD55 /* Default-568h@2x.png */; };
		CEAC4FE616CE987300CEFD55 /* FirstViewController.m in Sources */ = {isa = PBXBuildFile; fileRef = CEAC4FE516CE987300CEFD55 /* FirstViewController.m */; };
		CEAC4FE916CE988700CEFD55 /* SecondViewController.m in Sources */ = {isa = PBXBuildFile; fileRef = CEAC4FE816CE988700CEFD55 /* SecondViewController.m */; };
		CEACDCE816D42FB4007A1A03 /* O2Cell.m in Sources */ = {isa = PBXBuildFile; fileRef = CEACDCE716D42FB4007A1A03 /* O2Cell.m */; };
		CEADFA9216E6908400C82263 /* MobileCoreServices.framework in Frameworks */ = {isa = PBXBuildFile; fileRef = CEADFA9116E6908400C82263 /* MobileCoreServices.framework */; };
		CEADFA9716E6C01F00C82263 /* TemplateViewController.m in Sources */ = {isa = PBXBuildFile; fileRef = CEADFA9616E6C01F00C82263 /* TemplateViewController.m */; };
		CEB1008816DE306F00760C89 /* EnhancedKeyboard.m in Sources */ = {isa = PBXBuildFile; fileRef = CEB1008716DE306F00760C89 /* EnhancedKeyboard.m */; };
		CEB612FB16DBDB0F00F257C4 /* pattern.png in Resources */ = {isa = PBXBuildFile; fileRef = CEB612FA16DBDB0F00F257C4 /* pattern.png */; };
		CEB612FF16DBE2CE00F257C4 /* fruits_little.png in Resources */ = {isa = PBXBuildFile; fileRef = CEB612FE16DBE2CE00F257C4 /* fruits_little.png */; };
		CEB6130216DBF7E800F257C4 /* SectionHeader.m in Sources */ = {isa = PBXBuildFile; fileRef = CEB6130116DBF7E800F257C4 /* SectionHeader.m */; };
		CEB7AD7716DE8B3700ECC074 /* TextCell.m in Sources */ = {isa = PBXBuildFile; fileRef = CEB7AD7616DE8B3700ECC074 /* TextCell.m */; };
		CEB7AD7A16DE8B5200ECC074 /* AmountCell.m in Sources */ = {isa = PBXBuildFile; fileRef = CEB7AD7916DE8B5200ECC074 /* AmountCell.m */; };
		CEB8321916DABF4F00B0F6F7 /* acorn_squash.png in Resources */ = {isa = PBXBuildFile; fileRef = CEB831FC16DABF4F00B0F6F7 /* acorn_squash.png */; };
		CEB8321A16DABF4F00B0F6F7 /* apple.png in Resources */ = {isa = PBXBuildFile; fileRef = CEB831FD16DABF4F00B0F6F7 /* apple.png */; };
		CEB8321B16DABF4F00B0F6F7 /* banana.png in Resources */ = {isa = PBXBuildFile; fileRef = CEB831FE16DABF4F00B0F6F7 /* banana.png */; };
		CEB8321C16DABF4F00B0F6F7 /* bell_pepper.png in Resources */ = {isa = PBXBuildFile; fileRef = CEB831FF16DABF4F00B0F6F7 /* bell_pepper.png */; };
		CEB8321D16DABF4F00B0F6F7 /* blueberries.png in Resources */ = {isa = PBXBuildFile; fileRef = CEB8320016DABF4F00B0F6F7 /* blueberries.png */; };
		CEB8321E16DABF4F00B0F6F7 /* broccoli.png in Resources */ = {isa = PBXBuildFile; fileRef = CEB8320116DABF4F00B0F6F7 /* broccoli.png */; };
		CEB8321F16DABF4F00B0F6F7 /* carrot.png in Resources */ = {isa = PBXBuildFile; fileRef = CEB8320216DABF4F00B0F6F7 /* carrot.png */; };
		CEB8322016DABF4F00B0F6F7 /* celery.png in Resources */ = {isa = PBXBuildFile; fileRef = CEB8320316DABF4F00B0F6F7 /* celery.png */; };
		CEB8322116DABF4F00B0F6F7 /* chili_pepper.png in Resources */ = {isa = PBXBuildFile; fileRef = CEB8320416DABF4F00B0F6F7 /* chili_pepper.png */; };
		CEB8322216DABF4F00B0F6F7 /* noimage.png in Resources */ = {isa = PBXBuildFile; fileRef = CEB8320516DABF4F00B0F6F7 /* noimage.png */; };
		CEB8322316DABF4F00B0F6F7 /* eggplant.png in Resources */ = {isa = PBXBuildFile; fileRef = CEB8320616DABF4F00B0F6F7 /* eggplant.png */; };
		CEB8322416DABF4F00B0F6F7 /* fruits.png in Resources */ = {isa = PBXBuildFile; fileRef = CEB8320716DABF4F00B0F6F7 /* fruits.png */; };
		CEB8322516DABF4F00B0F6F7 /* grape.png in Resources */ = {isa = PBXBuildFile; fileRef = CEB8320816DABF4F00B0F6F7 /* grape.png */; };
		CEB8322616DABF4F00B0F6F7 /* lettuce.png in Resources */ = {isa = PBXBuildFile; fileRef = CEB8320916DABF4F00B0F6F7 /* lettuce.png */; };
		CEB8322716DABF4F00B0F6F7 /* mushroom.png in Resources */ = {isa = PBXBuildFile; fileRef = CEB8320A16DABF4F00B0F6F7 /* mushroom.png */; };
		CEB8322816DABF4F00B0F6F7 /* onion.png in Resources */ = {isa = PBXBuildFile; fileRef = CEB8320B16DABF4F00B0F6F7 /* onion.png */; };
		CEB8322916DABF4F00B0F6F7 /* orange.png in Resources */ = {isa = PBXBuildFile; fileRef = CEB8320C16DABF4F00B0F6F7 /* orange.png */; };
		CEB8322A16DABF4F00B0F6F7 /* papaya.png in Resources */ = {isa = PBXBuildFile; fileRef = CEB8320D16DABF4F00B0F6F7 /* papaya.png */; };
		CEB8322B16DABF4F00B0F6F7 /* pineapple.png in Resources */ = {isa = PBXBuildFile; fileRef = CEB8320E16DABF4F00B0F6F7 /* pineapple.png */; };
		CEB8322C16DABF4F00B0F6F7 /* potato.png in Resources */ = {isa = PBXBuildFile; fileRef = CEB8320F16DABF4F00B0F6F7 /* potato.png */; };
		CEB8322D16DABF4F00B0F6F7 /* pumpkin.png in Resources */ = {isa = PBXBuildFile; fileRef = CEB8321016DABF4F00B0F6F7 /* pumpkin.png */; };
		CEB8322E16DABF4F00B0F6F7 /* radish.png in Resources */ = {isa = PBXBuildFile; fileRef = CEB8321116DABF4F00B0F6F7 /* radish.png */; };
		CEB8322F16DABF4F00B0F6F7 /* squash.png in Resources */ = {isa = PBXBuildFile; fileRef = CEB8321216DABF4F00B0F6F7 /* squash.png */; };
		CEB8323116DABF4F00B0F6F7 /* strawberry.png in Resources */ = {isa = PBXBuildFile; fileRef = CEB8321416DABF4F00B0F6F7 /* strawberry.png */; };
		CEB8323216DABF4F00B0F6F7 /* sugar_snap.png in Resources */ = {isa = PBXBuildFile; fileRef = CEB8321516DABF4F00B0F6F7 /* sugar_snap.png */; };
		CEB8323316DABF4F00B0F6F7 /* tomato.png in Resources */ = {isa = PBXBuildFile; fileRef = CEB8321616DABF4F00B0F6F7 /* tomato.png */; };
		CEB8323416DABF4F00B0F6F7 /* watermelon.png in Resources */ = {isa = PBXBuildFile; fileRef = CEB8321716DABF4F00B0F6F7 /* watermelon.png */; };
		CEB8323516DABF4F00B0F6F7 /* cucumber.png in Resources */ = {isa = PBXBuildFile; fileRef = CEB8321816DABF4F00B0F6F7 /* cucumber.png */; };
		CEB8323816DAC5A900B0F6F7 /* FirstHeaderView.m in Sources */ = {isa = PBXBuildFile; fileRef = CEB8323716DAC5A900B0F6F7 /* FirstHeaderView.m */; };
		CEB8323D16DAF16600B0F6F7 /* FirstDetailViewController.m in Sources */ = {isa = PBXBuildFile; fileRef = CEB8323C16DAF16600B0F6F7 /* FirstDetailViewController.m */; };
		CEB8324016DAF2F200B0F6F7 /* AddItemViewController.m in Sources */ = {isa = PBXBuildFile; fileRef = CEB8323F16DAF2F100B0F6F7 /* AddItemViewController.m */; };
		CEB8324316DAF7AF00B0F6F7 /* CustomNavigationController.m in Sources */ = {isa = PBXBuildFile; fileRef = CEB8324216DAF7AF00B0F6F7 /* CustomNavigationController.m */; };
		CEBA349E16E0238C000BF697 /* PriceCell.m in Sources */ = {isa = PBXBuildFile; fileRef = CEBA349D16E0238C000BF697 /* PriceCell.m */; };
/* End PBXBuildFile section */

/* Begin PBXFileReference section */
		CE9E791016E0D68900AEA5E4 /* CurrencyPicker.h */ = {isa = PBXFileReference; fileEncoding = 4; lastKnownFileType = sourcecode.c.h; path = CurrencyPicker.h; sourceTree = "<group>"; };
		CE9E791116E0D68900AEA5E4 /* CurrencyPicker.m */ = {isa = PBXFileReference; fileEncoding = 4; lastKnownFileType = sourcecode.c.objc; path = CurrencyPicker.m; sourceTree = "<group>"; };
		CEAAB49316E7F2ED00A55FF3 /* O2Constants.h */ = {isa = PBXFileReference; fileEncoding = 4; lastKnownFileType = sourcecode.c.h; path = O2Constants.h; sourceTree = "<group>"; };
		CEAC3EA616DBBCEF008CDDC9 /* en */ = {isa = PBXFileReference; lastKnownFileType = text.plist.strings; name = en; path = en.lproj/InfoPlist.strings; sourceTree = "<group>"; };
		CEAC3EA816DBBD0F008CDDC9 /* de */ = {isa = PBXFileReference; lastKnownFileType = text.plist.strings; name = de; path = de.lproj/InfoPlist.strings; sourceTree = "<group>"; };
		CEAC3EA916DBBD1A008CDDC9 /* pl */ = {isa = PBXFileReference; lastKnownFileType = text.plist.strings; name = pl; path = pl.lproj/InfoPlist.strings; sourceTree = "<group>"; };
		CEAC3EAB16DBBE7C008CDDC9 /* en */ = {isa = PBXFileReference; lastKnownFileType = text.plist.strings; name = en; path = en.lproj/Localizable.strings; sourceTree = "<group>"; };
		CEAC3EAD16DBBE91008CDDC9 /* de */ = {isa = PBXFileReference; lastKnownFileType = text.plist.strings; name = de; path = de.lproj/Localizable.strings; sourceTree = "<group>"; };
		CEAC3EAE16DBBEA6008CDDC9 /* pl */ = {isa = PBXFileReference; lastKnownFileType = text.plist.strings; name = pl; path = pl.lproj/Localizable.strings; sourceTree = "<group>"; };
		CEAC4FC316CE974D00CEFD55 /* Oska2.app */ = {isa = PBXFileReference; explicitFileType = wrapper.application; includeInIndex = 0; path = Oska2.app; sourceTree = BUILT_PRODUCTS_DIR; };
		CEAC4FC716CE974D00CEFD55 /* UIKit.framework */ = {isa = PBXFileReference; lastKnownFileType = wrapper.framework; name = UIKit.framework; path = System/Library/Frameworks/UIKit.framework; sourceTree = SDKROOT; };
		CEAC4FC916CE974D00CEFD55 /* Foundation.framework */ = {isa = PBXFileReference; lastKnownFileType = wrapper.framework; name = Foundation.framework; path = System/Library/Frameworks/Foundation.framework; sourceTree = SDKROOT; };
		CEAC4FCB16CE974D00CEFD55 /* CoreGraphics.framework */ = {isa = PBXFileReference; lastKnownFileType = wrapper.framework; name = CoreGraphics.framework; path = System/Library/Frameworks/CoreGraphics.framework; sourceTree = SDKROOT; };
		CEAC4FCF16CE974D00CEFD55 /* Oska2-Info.plist */ = {isa = PBXFileReference; fileEncoding = 4; lastKnownFileType = text.plist.xml; path = "Oska2-Info.plist"; sourceTree = "<group>"; };
		CEAC4FD316CE974D00CEFD55 /* main.m */ = {isa = PBXFileReference; lastKnownFileType = sourcecode.c.objc; path = main.m; sourceTree = "<group>"; };
		CEAC4FD516CE974D00CEFD55 /* Oska2-Prefix.pch */ = {isa = PBXFileReference; lastKnownFileType = sourcecode.c.h; path = "Oska2-Prefix.pch"; sourceTree = "<group>"; };
		CEAC4FD616CE974D00CEFD55 /* O2AppDelegate.h */ = {isa = PBXFileReference; lastKnownFileType = sourcecode.c.h; path = O2AppDelegate.h; sourceTree = "<group>"; };
		CEAC4FD716CE974D00CEFD55 /* O2AppDelegate.m */ = {isa = PBXFileReference; lastKnownFileType = sourcecode.c.objc; path = O2AppDelegate.m; sourceTree = "<group>"; };
		CEAC4FD916CE974D00CEFD55 /* Default.png */ = {isa = PBXFileReference; lastKnownFileType = image.png; path = Default.png; sourceTree = "<group>"; };
		CEAC4FDB16CE974E00CEFD55 /* Default@2x.png */ = {isa = PBXFileReference; lastKnownFileType = image.png; path = "Default@2x.png"; sourceTree = "<group>"; };
		CEAC4FDD16CE974E00CEFD55 /* Default-568h@2x.png */ = {isa = PBXFileReference; lastKnownFileType = image.png; path = "Default-568h@2x.png"; sourceTree = "<group>"; };
		CEAC4FE416CE987300CEFD55 /* FirstViewController.h */ = {isa = PBXFileReference; fileEncoding = 4; lastKnownFileType = sourcecode.c.h; path = FirstViewController.h; sourceTree = "<group>"; };
		CEAC4FE516CE987300CEFD55 /* FirstViewController.m */ = {isa = PBXFileReference; fileEncoding = 4; lastKnownFileType = sourcecode.c.objc; path = FirstViewController.m; sourceTree = "<group>"; };
		CEAC4FE716CE988700CEFD55 /* SecondViewController.h */ = {isa = PBXFileReference; fileEncoding = 4; lastKnownFileType = sourcecode.c.h; path = SecondViewController.h; sourceTree = "<group>"; };
		CEAC4FE816CE988700CEFD55 /* SecondViewController.m */ = {isa = PBXFileReference; fileEncoding = 4; lastKnownFileType = sourcecode.c.objc; path = SecondViewController.m; sourceTree = "<group>"; };
		CEACDCE616D42FB3007A1A03 /* O2Cell.h */ = {isa = PBXFileReference; fileEncoding = 4; lastKnownFileType = sourcecode.c.h; path = O2Cell.h; sourceTree = "<group>"; };
		CEACDCE716D42FB4007A1A03 /* O2Cell.m */ = {isa = PBXFileReference; fileEncoding = 4; lastKnownFileType = sourcecode.c.objc; path = O2Cell.m; sourceTree = "<group>"; };
		CEADFA9116E6908400C82263 /* MobileCoreServices.framework */ = {isa = PBXFileReference; lastKnownFileType = wrapper.framework; name = MobileCoreServices.framework; path = System/Library/Frameworks/MobileCoreServices.framework; sourceTree = SDKROOT; };
		CEADFA9516E6C01F00C82263 /* TemplateViewController.h */ = {isa = PBXFileReference; fileEncoding = 4; lastKnownFileType = sourcecode.c.h; path = TemplateViewController.h; sourceTree = "<group>"; };
		CEADFA9616E6C01F00C82263 /* TemplateViewController.m */ = {isa = PBXFileReference; fileEncoding = 4; lastKnownFileType = sourcecode.c.objc; path = TemplateViewController.m; sourceTree = "<group>"; };
		CEB1008616DE306F00760C89 /* EnhancedKeyboard.h */ = {isa = PBXFileReference; fileEncoding = 4; lastKnownFileType = sourcecode.c.h; path = EnhancedKeyboard.h; sourceTree = "<group>"; };
		CEB1008716DE306F00760C89 /* EnhancedKeyboard.m */ = {isa = PBXFileReference; fileEncoding = 4; lastKnownFileType = sourcecode.c.objc; path = EnhancedKeyboard.m; sourceTree = "<group>"; };
		CEB612FA16DBDB0F00F257C4 /* pattern.png */ = {isa = PBXFileReference; lastKnownFileType = image.png; path = pattern.png; sourceTree = "<group>"; };
		CEB612FE16DBE2CE00F257C4 /* fruits_little.png */ = {isa = PBXFileReference; lastKnownFileType = image.png; path = fruits_little.png; sourceTree = "<group>"; };
		CEB6130016DBF7E700F257C4 /* SectionHeader.h */ = {isa = PBXFileReference; fileEncoding = 4; lastKnownFileType = sourcecode.c.h; path = SectionHeader.h; sourceTree = "<group>"; };
		CEB6130116DBF7E800F257C4 /* SectionHeader.m */ = {isa = PBXFileReference; fileEncoding = 4; lastKnownFileType = sourcecode.c.objc; path = SectionHeader.m; sourceTree = "<group>"; };
		CEB7AD7516DE8B3700ECC074 /* TextCell.h */ = {isa = PBXFileReference; fileEncoding = 4; lastKnownFileType = sourcecode.c.h; path = TextCell.h; sourceTree = "<group>"; };
		CEB7AD7616DE8B3700ECC074 /* TextCell.m */ = {isa = PBXFileReference; fileEncoding = 4; lastKnownFileType = sourcecode.c.objc; path = TextCell.m; sourceTree = "<group>"; };
		CEB7AD7816DE8B5200ECC074 /* AmountCell.h */ = {isa = PBXFileReference; fileEncoding = 4; lastKnownFileType = sourcecode.c.h; path = AmountCell.h; sourceTree = "<group>"; };
		CEB7AD7916DE8B5200ECC074 /* AmountCell.m */ = {isa = PBXFileReference; fileEncoding = 4; lastKnownFileType = sourcecode.c.objc; path = AmountCell.m; sourceTree = "<group>"; };
		CEB831FC16DABF4F00B0F6F7 /* acorn_squash.png */ = {isa = PBXFileReference; lastKnownFileType = image.png; path = acorn_squash.png; sourceTree = "<group>"; };
		CEB831FD16DABF4F00B0F6F7 /* apple.png */ = {isa = PBXFileReference; lastKnownFileType = image.png; path = apple.png; sourceTree = "<group>"; };
		CEB831FE16DABF4F00B0F6F7 /* banana.png */ = {isa = PBXFileReference; lastKnownFileType = image.png; path = banana.png; sourceTree = "<group>"; };
		CEB831FF16DABF4F00B0F6F7 /* bell_pepper.png */ = {isa = PBXFileReference; lastKnownFileType = image.png; path = bell_pepper.png; sourceTree = "<group>"; };
		CEB8320016DABF4F00B0F6F7 /* blueberries.png */ = {isa = PBXFileReference; lastKnownFileType = image.png; path = blueberries.png; sourceTree = "<group>"; };
		CEB8320116DABF4F00B0F6F7 /* broccoli.png */ = {isa = PBXFileReference; lastKnownFileType = image.png; path = broccoli.png; sourceTree = "<group>"; };
		CEB8320216DABF4F00B0F6F7 /* carrot.png */ = {isa = PBXFileReference; lastKnownFileType = image.png; path = carrot.png; sourceTree = "<group>"; };
		CEB8320316DABF4F00B0F6F7 /* celery.png */ = {isa = PBXFileReference; lastKnownFileType = image.png; path = celery.png; sourceTree = "<group>"; };
		CEB8320416DABF4F00B0F6F7 /* chili_pepper.png */ = {isa = PBXFileReference; lastKnownFileType = image.png; path = chili_pepper.png; sourceTree = "<group>"; };
		CEB8320516DABF4F00B0F6F7 /* noimage.png */ = {isa = PBXFileReference; lastKnownFileType = image.png; path = noimage.png; sourceTree = "<group>"; };
		CEB8320616DABF4F00B0F6F7 /* eggplant.png */ = {isa = PBXFileReference; lastKnownFileType = image.png; path = eggplant.png; sourceTree = "<group>"; };
		CEB8320716DABF4F00B0F6F7 /* fruits.png */ = {isa = PBXFileReference; lastKnownFileType = image.png; path = fruits.png; sourceTree = "<group>"; };
		CEB8320816DABF4F00B0F6F7 /* grape.png */ = {isa = PBXFileReference; lastKnownFileType = image.png; path = grape.png; sourceTree = "<group>"; };
		CEB8320916DABF4F00B0F6F7 /* lettuce.png */ = {isa = PBXFileReference; lastKnownFileType = image.png; path = lettuce.png; sourceTree = "<group>"; };
		CEB8320A16DABF4F00B0F6F7 /* mushroom.png */ = {isa = PBXFileReference; lastKnownFileType = image.png; path = mushroom.png; sourceTree = "<group>"; };
		CEB8320B16DABF4F00B0F6F7 /* onion.png */ = {isa = PBXFileReference; lastKnownFileType = image.png; path = onion.png; sourceTree = "<group>"; };
		CEB8320C16DABF4F00B0F6F7 /* orange.png */ = {isa = PBXFileReference; lastKnownFileType = image.png; path = orange.png; sourceTree = "<group>"; };
		CEB8320D16DABF4F00B0F6F7 /* papaya.png */ = {isa = PBXFileReference; lastKnownFileType = image.png; path = papaya.png; sourceTree = "<group>"; };
		CEB8320E16DABF4F00B0F6F7 /* pineapple.png */ = {isa = PBXFileReference; lastKnownFileType = image.png; path = pineapple.png; sourceTree = "<group>"; };
		CEB8320F16DABF4F00B0F6F7 /* potato.png */ = {isa = PBXFileReference; lastKnownFileType = image.png; path = potato.png; sourceTree = "<group>"; };
		CEB8321016DABF4F00B0F6F7 /* pumpkin.png */ = {isa = PBXFileReference; lastKnownFileType = image.png; path = pumpkin.png; sourceTree = "<group>"; };
		CEB8321116DABF4F00B0F6F7 /* radish.png */ = {isa = PBXFileReference; lastKnownFileType = image.png; path = radish.png; sourceTree = "<group>"; };
		CEB8321216DABF4F00B0F6F7 /* squash.png */ = {isa = PBXFileReference; lastKnownFileType = image.png; path = squash.png; sourceTree = "<group>"; };
		CEB8321416DABF4F00B0F6F7 /* strawberry.png */ = {isa = PBXFileReference; lastKnownFileType = image.png; path = strawberry.png; sourceTree = "<group>"; };
		CEB8321516DABF4F00B0F6F7 /* sugar_snap.png */ = {isa = PBXFileReference; lastKnownFileType = image.png; path = sugar_snap.png; sourceTree = "<group>"; };
		CEB8321616DABF4F00B0F6F7 /* tomato.png */ = {isa = PBXFileReference; lastKnownFileType = image.png; path = tomato.png; sourceTree = "<group>"; };
		CEB8321716DABF4F00B0F6F7 /* watermelon.png */ = {isa = PBXFileReference; lastKnownFileType = image.png; path = watermelon.png; sourceTree = "<group>"; };
		CEB8321816DABF4F00B0F6F7 /* cucumber.png */ = {isa = PBXFileReference; lastKnownFileType = image.png; path = cucumber.png; sourceTree = "<group>"; };
		CEB8323616DAC5A900B0F6F7 /* FirstHeaderView.h */ = {isa = PBXFileReference; fileEncoding = 4; lastKnownFileType = sourcecode.c.h; path = FirstHeaderView.h; sourceTree = "<group>"; };
		CEB8323716DAC5A900B0F6F7 /* FirstHeaderView.m */ = {isa = PBXFileReference; fileEncoding = 4; lastKnownFileType = sourcecode.c.objc; path = FirstHeaderView.m; sourceTree = "<group>"; };
		CEB8323B16DAF16600B0F6F7 /* FirstDetailViewController.h */ = {isa = PBXFileReference; fileEncoding = 4; lastKnownFileType = sourcecode.c.h; path = FirstDetailViewController.h; sourceTree = "<group>"; };
		CEB8323C16DAF16600B0F6F7 /* FirstDetailViewController.m */ = {isa = PBXFileReference; fileEncoding = 4; lastKnownFileType = sourcecode.c.objc; path = FirstDetailViewController.m; sourceTree = "<group>"; };
		CEB8323E16DAF2F100B0F6F7 /* AddItemViewController.h */ = {isa = PBXFileReference; fileEncoding = 4; lastKnownFileType = sourcecode.c.h; path = AddItemViewController.h; sourceTree = "<group>"; };
		CEB8323F16DAF2F100B0F6F7 /* AddItemViewController.m */ = {isa = PBXFileReference; fileEncoding = 4; lastKnownFileType = sourcecode.c.objc; path = AddItemViewController.m; sourceTree = "<group>"; };
		CEB8324116DAF7AE00B0F6F7 /* CustomNavigationController.h */ = {isa = PBXFileReference; fileEncoding = 4; lastKnownFileType = sourcecode.c.h; path = CustomNavigationController.h; sourceTree = "<group>"; };
		CEB8324216DAF7AF00B0F6F7 /* CustomNavigationController.m */ = {isa = PBXFileReference; fileEncoding = 4; lastKnownFileType = sourcecode.c.objc; path = CustomNavigationController.m; sourceTree = "<group>"; };
		CEBA349C16E0238B000BF697 /* PriceCell.h */ = {isa = PBXFileReference; fileEncoding = 4; lastKnownFileType = sourcecode.c.h; path = PriceCell.h; sourceTree = "<group>"; };
		CEBA349D16E0238C000BF697 /* PriceCell.m */ = {isa = PBXFileReference; fileEncoding = 4; lastKnownFileType = sourcecode.c.objc; path = PriceCell.m; sourceTree = "<group>"; };
/* End PBXFileReference section */

/* Begin PBXFrameworksBuildPhase section */
		CEAC4FC016CE974D00CEFD55 /* Frameworks */ = {
			isa = PBXFrameworksBuildPhase;
			buildActionMask = 2147483647;
			files = (
				CEADFA9216E6908400C82263 /* MobileCoreServices.framework in Frameworks */,
				CEAC4FC816CE974D00CEFD55 /* UIKit.framework in Frameworks */,
				CEAC4FCA16CE974D00CEFD55 /* Foundation.framework in Frameworks */,
				CEAC4FCC16CE974D00CEFD55 /* CoreGraphics.framework in Frameworks */,
			);
			runOnlyForDeploymentPostprocessing = 0;
		};
/* End PBXFrameworksBuildPhase section */

/* Begin PBXGroup section */
		CE9E790C16E0D5A600AEA5E4 /* Action Sheets */ = {
			isa = PBXGroup;
			children = (
				CE9E791016E0D68900AEA5E4 /* CurrencyPicker.h */,
				CE9E791116E0D68900AEA5E4 /* CurrencyPicker.m */,
			);
			name = "Action Sheets";
			sourceTree = "<group>";
		};
		CEAC4FB816CE974D00CEFD55 = {
			isa = PBXGroup;
			children = (
				CEAC4FCD16CE974D00CEFD55 /* Oska2 */,
				CEAC4FCE16CE974D00CEFD55 /* Supporting Files */,
				CEB831FB16DABF4F00B0F6F7 /* Resources */,
				CEAC4FC616CE974D00CEFD55 /* Frameworks */,
				CEAC4FC416CE974D00CEFD55 /* Products */,
			);
			sourceTree = "<group>";
		};
		CEAC4FC416CE974D00CEFD55 /* Products */ = {
			isa = PBXGroup;
			children = (
				CEAC4FC316CE974D00CEFD55 /* Oska2.app */,
			);
			name = Products;
			sourceTree = "<group>";
		};
		CEAC4FC616CE974D00CEFD55 /* Frameworks */ = {
			isa = PBXGroup;
			children = (
				CEADFA9116E6908400C82263 /* MobileCoreServices.framework */,
				CEAC4FC716CE974D00CEFD55 /* UIKit.framework */,
				CEAC4FC916CE974D00CEFD55 /* Foundation.framework */,
				CEAC4FCB16CE974D00CEFD55 /* CoreGraphics.framework */,
			);
			name = Frameworks;
			sourceTree = "<group>";
		};
		CEAC4FCD16CE974D00CEFD55 /* Oska2 */ = {
			isa = PBXGroup;
			children = (
				CEAC4FD616CE974D00CEFD55 /* O2AppDelegate.h */,
				CEAC4FD716CE974D00CEFD55 /* O2AppDelegate.m */,
				CEAAB49316E7F2ED00A55FF3 /* O2Constants.h */,
				CEAED86416DD199F00ABDA12 /* Firsts */,
				CEAED86716DD19FF00ABDA12 /* FirstDetail */,
				CEAED86816DD1A3E00ABDA12 /* Second */,
			);
			path = Oska2;
			sourceTree = "<group>";
		};
		CEAC4FCE16CE974D00CEFD55 /* Supporting Files */ = {
			isa = PBXGroup;
			children = (
				CEAC3EA516DBBCEF008CDDC9 /* InfoPlist.strings */,
				CEAC3EAA16DBBE7C008CDDC9 /* Localizable.strings */,
				CEAC4FCF16CE974D00CEFD55 /* Oska2-Info.plist */,
				CEAC4FD316CE974D00CEFD55 /* main.m */,
				CEAC4FD516CE974D00CEFD55 /* Oska2-Prefix.pch */,
				CEAC4FD916CE974D00CEFD55 /* Default.png */,
				CEAC4FDB16CE974E00CEFD55 /* Default@2x.png */,
				CEAC4FDD16CE974E00CEFD55 /* Default-568h@2x.png */,
			);
			name = "Supporting Files";
			path = Oska2;
			sourceTree = "<group>";
		};
		CEAED86416DD199F00ABDA12 /* Firsts */ = {
			isa = PBXGroup;
			children = (
				CEAC4FE416CE987300CEFD55 /* FirstViewController.h */,
				CEAC4FE516CE987300CEFD55 /* FirstViewController.m */,
				CEB8324116DAF7AE00B0F6F7 /* CustomNavigationController.h */,
				CEB8324216DAF7AF00B0F6F7 /* CustomNavigationController.m */,
				CEAED86616DD19E100ABDA12 /* NewItem */,
				CEAED86516DD19C100ABDA12 /* Cells */,
				CEB8324416DAF98400B0F6F7 /* Views */,
			);
			name = Firsts;
			sourceTree = "<group>";
		};
		CEAED86516DD19C100ABDA12 /* Cells */ = {
			isa = PBXGroup;
			children = (
				CEACDCE616D42FB3007A1A03 /* O2Cell.h */,
				CEACDCE716D42FB4007A1A03 /* O2Cell.m */,
			);
			name = Cells;
			sourceTree = "<group>";
		};
		CEAED86616DD19E100ABDA12 /* NewItem */ = {
			isa = PBXGroup;
			children = (
				CEB8323E16DAF2F100B0F6F7 /* AddItemViewController.h */,
				CEB8323F16DAF2F100B0F6F7 /* AddItemViewController.m */,
				CEADFA9516E6C01F00C82263 /* TemplateViewController.h */,
				CEADFA9616E6C01F00C82263 /* TemplateViewController.m */,
				CEB1008916DE384100760C89 /* Keyboard */,
				CE9E790C16E0D5A600AEA5E4 /* Action Sheets */,
				CEBA349B16E022CF000BF697 /* Cells */,
			);
			name = NewItem;
			sourceTree = "<group>";
		};
		CEAED86716DD19FF00ABDA12 /* FirstDetail */ = {
			isa = PBXGroup;
			children = (
				CEB8323B16DAF16600B0F6F7 /* FirstDetailViewController.h */,
				CEB8323C16DAF16600B0F6F7 /* FirstDetailViewController.m */,
			);
			name = FirstDetail;
			sourceTree = "<group>";
		};
		CEAED86816DD1A3E00ABDA12 /* Second */ = {
			isa = PBXGroup;
			children = (
				CEAC4FE716CE988700CEFD55 /* SecondViewController.h */,
				CEAC4FE816CE988700CEFD55 /* SecondViewController.m */,
			);
			name = Second;
			sourceTree = "<group>";
		};
		CEB1008916DE384100760C89 /* Keyboard */ = {
			isa = PBXGroup;
			children = (
				CEB1008616DE306F00760C89 /* EnhancedKeyboard.h */,
				CEB1008716DE306F00760C89 /* EnhancedKeyboard.m */,
			);
			name = Keyboard;
			sourceTree = "<group>";
		};
		CEB831FB16DABF4F00B0F6F7 /* Resources */ = {
			isa = PBXGroup;
			children = (
				CEB612FE16DBE2CE00F257C4 /* fruits_little.png */,
				CEB612FA16DBDB0F00F257C4 /* pattern.png */,
				CEB831FC16DABF4F00B0F6F7 /* acorn_squash.png */,
				CEB831FD16DABF4F00B0F6F7 /* apple.png */,
				CEB831FE16DABF4F00B0F6F7 /* banana.png */,
				CEB831FF16DABF4F00B0F6F7 /* bell_pepper.png */,
				CEB8320016DABF4F00B0F6F7 /* blueberries.png */,
				CEB8320116DABF4F00B0F6F7 /* broccoli.png */,
				CEB8320216DABF4F00B0F6F7 /* carrot.png */,
				CEB8320316DABF4F00B0F6F7 /* celery.png */,
				CEB8320416DABF4F00B0F6F7 /* chili_pepper.png */,
				CEB8320516DABF4F00B0F6F7 /* noimage.png */,
				CEB8320616DABF4F00B0F6F7 /* eggplant.png */,
				CEB8320716DABF4F00B0F6F7 /* fruits.png */,
				CEB8320816DABF4F00B0F6F7 /* grape.png */,
				CEB8320916DABF4F00B0F6F7 /* lettuce.png */,
				CEB8320A16DABF4F00B0F6F7 /* mushroom.png */,
				CEB8320B16DABF4F00B0F6F7 /* onion.png */,
				CEB8320C16DABF4F00B0F6F7 /* orange.png */,
				CEB8320D16DABF4F00B0F6F7 /* papaya.png */,
				CEB8320E16DABF4F00B0F6F7 /* pineapple.png */,
				CEB8320F16DABF4F00B0F6F7 /* potato.png */,
				CEB8321016DABF4F00B0F6F7 /* pumpkin.png */,
				CEB8321116DABF4F00B0F6F7 /* radish.png */,
				CEB8321216DABF4F00B0F6F7 /* squash.png */,
				CEB8321416DABF4F00B0F6F7 /* strawberry.png */,
				CEB8321516DABF4F00B0F6F7 /* sugar_snap.png */,
				CEB8321616DABF4F00B0F6F7 /* tomato.png */,
				CEB8321716DABF4F00B0F6F7 /* watermelon.png */,
				CEB8321816DABF4F00B0F6F7 /* cucumber.png */,
			);
			name = Resources;
			path = Oska2/Resources;
			sourceTree = "<group>";
		};
		CEB8324416DAF98400B0F6F7 /* Views */ = {
			isa = PBXGroup;
			children = (
				CEB8323616DAC5A900B0F6F7 /* FirstHeaderView.h */,
				CEB8323716DAC5A900B0F6F7 /* FirstHeaderView.m */,
				CEB6130016DBF7E700F257C4 /* SectionHeader.h */,
				CEB6130116DBF7E800F257C4 /* SectionHeader.m */,
			);
			name = Views;
			sourceTree = "<group>";
		};
		CEBA349B16E022CF000BF697 /* Cells */ = {
			isa = PBXGroup;
			children = (
				CEB7AD7516DE8B3700ECC074 /* TextCell.h */,
				CEB7AD7616DE8B3700ECC074 /* TextCell.m */,
				CEB7AD7816DE8B5200ECC074 /* AmountCell.h */,
				CEB7AD7916DE8B5200ECC074 /* AmountCell.m */,
				CEBA349C16E0238B000BF697 /* PriceCell.h */,
				CEBA349D16E0238C000BF697 /* PriceCell.m */,
			);
			name = Cells;
			sourceTree = "<group>";
		};
/* End PBXGroup section */

/* Begin PBXNativeTarget section */
		CEAC4FC216CE974D00CEFD55 /* Oska2 */ = {
			isa = PBXNativeTarget;
			buildConfigurationList = CEAC4FE116CE974E00CEFD55 /* Build configuration list for PBXNativeTarget "Oska2" */;
			buildPhases = (
				CEAC4FBF16CE974D00CEFD55 /* Sources */,
				CEAC4FC016CE974D00CEFD55 /* Frameworks */,
				CEAC4FC116CE974D00CEFD55 /* Resources */,
			);
			buildRules = (
			);
			dependencies = (
			);
			name = Oska2;
			productName = Oska2;
			productReference = CEAC4FC316CE974D00CEFD55 /* Oska2.app */;
			productType = "com.apple.product-type.application";
		};
/* End PBXNativeTarget section */

/* Begin PBXProject section */
		CEAC4FBA16CE974D00CEFD55 /* Project object */ = {
			isa = PBXProject;
			attributes = {
				CLASSPREFIX = O2;
				LastUpgradeCheck = 0460;
				ORGANIZATIONNAME = Neru;
			};
			buildConfigurationList = CEAC4FBD16CE974D00CEFD55 /* Build configuration list for PBXProject "Oska2" */;
			compatibilityVersion = "Xcode 3.2";
			developmentRegion = English;
			hasScannedForEncodings = 0;
			knownRegions = (
				en,
				de,
				pl,
			);
			mainGroup = CEAC4FB816CE974D00CEFD55;
			productRefGroup = CEAC4FC416CE974D00CEFD55 /* Products */;
			projectDirPath = "";
			projectRoot = "";
			targets = (
				CEAC4FC216CE974D00CEFD55 /* Oska2 */,
			);
		};
/* End PBXProject section */

/* Begin PBXResourcesBuildPhase section */
		CEAC4FC116CE974D00CEFD55 /* Resources */ = {
			isa = PBXResourcesBuildPhase;
			buildActionMask = 2147483647;
			files = (
				CEAC4FDA16CE974D00CEFD55 /* Default.png in Resources */,
				CEAC4FDC16CE974E00CEFD55 /* Default@2x.png in Resources */,
				CEAC4FDE16CE974E00CEFD55 /* Default-568h@2x.png in Resources */,
				CEB8321916DABF4F00B0F6F7 /* acorn_squash.png in Resources */,
				CEB8321A16DABF4F00B0F6F7 /* apple.png in Resources */,
				CEB8321B16DABF4F00B0F6F7 /* banana.png in Resources */,
				CEB8321C16DABF4F00B0F6F7 /* bell_pepper.png in Resources */,
				CEB8321D16DABF4F00B0F6F7 /* blueberries.png in Resources */,
				CEB8321E16DABF4F00B0F6F7 /* broccoli.png in Resources */,
				CEB8321F16DABF4F00B0F6F7 /* carrot.png in Resources */,
				CEB8322016DABF4F00B0F6F7 /* celery.png in Resources */,
				CEB8322116DABF4F00B0F6F7 /* chili_pepper.png in Resources */,
				CEB8322216DABF4F00B0F6F7 /* noimage.png in Resources */,
				CEB8322316DABF4F00B0F6F7 /* eggplant.png in Resources */,
				CEB8322416DABF4F00B0F6F7 /* fruits.png in Resources */,
				CEB8322516DABF4F00B0F6F7 /* grape.png in Resources */,
				CEB8322616DABF4F00B0F6F7 /* lettuce.png in Resources */,
				CEB8322716DABF4F00B0F6F7 /* mushroom.png in Resources */,
				CEB8322816DABF4F00B0F6F7 /* onion.png in Resources */,
				CEB8322916DABF4F00B0F6F7 /* orange.png in Resources */,
				CEB8322A16DABF4F00B0F6F7 /* papaya.png in Resources */,
				CEB8322B16DABF4F00B0F6F7 /* pineapple.png in Resources */,
				CEB8322C16DABF4F00B0F6F7 /* potato.png in Resources */,
				CEB8322D16DABF4F00B0F6F7 /* pumpkin.png in Resources */,
				CEB8322E16DABF4F00B0F6F7 /* radish.png in Resources */,
				CEB8322F16DABF4F00B0F6F7 /* squash.png in Resources */,
				CEB8323116DABF4F00B0F6F7 /* strawberry.png in Resources */,
				CEB8323216DABF4F00B0F6F7 /* sugar_snap.png in Resources */,
				CEB8323316DABF4F00B0F6F7 /* tomato.png in Resources */,
				CEB8323416DABF4F00B0F6F7 /* watermelon.png in Resources */,
				CEB8323516DABF4F00B0F6F7 /* cucumber.png in Resources */,
				CEAC3EA716DBBCEF008CDDC9 /* InfoPlist.strings in Resources */,
				CEAC3EAC16DBBE7C008CDDC9 /* Localizable.strings in Resources */,
				CEB612FB16DBDB0F00F257C4 /* pattern.png in Resources */,
				CEB612FF16DBE2CE00F257C4 /* fruits_little.png in Resources */,
			);
			runOnlyForDeploymentPostprocessing = 0;
		};
/* End PBXResourcesBuildPhase section */

/* Begin PBXSourcesBuildPhase section */
		CEAC4FBF16CE974D00CEFD55 /* Sources */ = {
			isa = PBXSourcesBuildPhase;
			buildActionMask = 2147483647;
			files = (
				CEAC4FD416CE974D00CEFD55 /* main.m in Sources */,
				CEAC4FD816CE974D00CEFD55 /* O2AppDelegate.m in Sources */,
				CEAC4FE616CE987300CEFD55 /* FirstViewController.m in Sources */,
				CEAC4FE916CE988700CEFD55 /* SecondViewController.m in Sources */,
				CEACDCE816D42FB4007A1A03 /* O2Cell.m in Sources */,
				CEB8323816DAC5A900B0F6F7 /* FirstHeaderView.m in Sources */,
				CEB8323D16DAF16600B0F6F7 /* FirstDetailViewController.m in Sources */,
				CEB8324016DAF2F200B0F6F7 /* AddItemViewController.m in Sources */,
				CEB8324316DAF7AF00B0F6F7 /* CustomNavigationController.m in Sources */,
				CEB6130216DBF7E800F257C4 /* SectionHeader.m in Sources */,
				CEB1008816DE306F00760C89 /* EnhancedKeyboard.m in Sources */,
				CEB7AD7716DE8B3700ECC074 /* TextCell.m in Sources */,
				CEB7AD7A16DE8B5200ECC074 /* AmountCell.m in Sources */,
				CEBA349E16E0238C000BF697 /* PriceCell.m in Sources */,
				CE9E791216E0D68900AEA5E4 /* CurrencyPicker.m in Sources */,
				CEADFA9716E6C01F00C82263 /* TemplateViewController.m in Sources */,
			);
			runOnlyForDeploymentPostprocessing = 0;
		};
/* End PBXSourcesBuildPhase section */

/* Begin PBXVariantGroup section */
		CEAC3EA516DBBCEF008CDDC9 /* InfoPlist.strings */ = {
			isa = PBXVariantGroup;
			children = (
				CEAC3EA616DBBCEF008CDDC9 /* en */,
				CEAC3EA816DBBD0F008CDDC9 /* de */,
				CEAC3EA916DBBD1A008CDDC9 /* pl */,
			);
			name = InfoPlist.strings;
			sourceTree = "<group>";
		};
		CEAC3EAA16DBBE7C008CDDC9 /* Localizable.strings */ = {
			isa = PBXVariantGroup;
			children = (
				CEAC3EAB16DBBE7C008CDDC9 /* en */,
				CEAC3EAD16DBBE91008CDDC9 /* de */,
				CEAC3EAE16DBBEA6008CDDC9 /* pl */,
			);
			name = Localizable.strings;
			sourceTree = "<group>";
		};
/* End PBXVariantGroup section */

/* Begin XCBuildConfiguration section */
		CEAC4FDF16CE974E00CEFD55 /* Debug */ = {
			isa = XCBuildConfiguration;
			buildSettings = {
				ALWAYS_SEARCH_USER_PATHS = NO;
				CLANG_CXX_LANGUAGE_STANDARD = "gnu++0x";
				CLANG_CXX_LIBRARY = "libc++";
				CLANG_ENABLE_OBJC_ARC = YES;
				CLANG_WARN_EMPTY_BODY = YES;
				CLANG_WARN__DUPLICATE_METHOD_MATCH = YES;
				"CODE_SIGN_IDENTITY[sdk=iphoneos*]" = "iPhone Developer";
				COPY_PHASE_STRIP = NO;
				GCC_C_LANGUAGE_STANDARD = gnu99;
				GCC_DYNAMIC_NO_PIC = NO;
				GCC_OPTIMIZATION_LEVEL = 0;
				GCC_PREPROCESSOR_DEFINITIONS = (
					"DEBUG=1",
					"$(inherited)",
				);
				GCC_SYMBOLS_PRIVATE_EXTERN = NO;
				GCC_WARN_ABOUT_RETURN_TYPE = YES;
				GCC_WARN_UNINITIALIZED_AUTOS = YES;
				GCC_WARN_UNUSED_VARIABLE = YES;
				IPHONEOS_DEPLOYMENT_TARGET = 6.0;
				ONLY_ACTIVE_ARCH = YES;
				SDKROOT = iphoneos;
			};
			name = Debug;
		};
		CEAC4FE016CE974E00CEFD55 /* Release */ = {
			isa = XCBuildConfiguration;
			buildSettings = {
				ALWAYS_SEARCH_USER_PATHS = NO;
				CLANG_CXX_LANGUAGE_STANDARD = "gnu++0x";
				CLANG_CXX_LIBRARY = "libc++";
				CLANG_ENABLE_OBJC_ARC = YES;
				CLANG_WARN_EMPTY_BODY = YES;
				CLANG_WARN__DUPLICATE_METHOD_MATCH = YES;
				"CODE_SIGN_IDENTITY[sdk=iphoneos*]" = "iPhone Developer";
				COPY_PHASE_STRIP = YES;
				GCC_C_LANGUAGE_STANDARD = gnu99;
				GCC_WARN_ABOUT_RETURN_TYPE = YES;
				GCC_WARN_UNINITIALIZED_AUTOS = YES;
				GCC_WARN_UNUSED_VARIABLE = YES;
				IPHONEOS_DEPLOYMENT_TARGET = 6.0;
				OTHER_CFLAGS = "-DNS_BLOCK_ASSERTIONS=1";
				SDKROOT = iphoneos;
				VALIDATE_PRODUCT = YES;
			};
			name = Release;
		};
		CEAC4FE216CE974E00CEFD55 /* Debug */ = {
			isa = XCBuildConfiguration;
			buildSettings = {
				GCC_PRECOMPILE_PREFIX_HEADER = YES;
				GCC_PREFIX_HEADER = "Oska2/Oska2-Prefix.pch";
				INFOPLIST_FILE = "Oska2/Oska2-Info.plist";
				PRODUCT_NAME = "$(TARGET_NAME)";
				WRAPPER_EXTENSION = app;
			};
			name = Debug;
		};
		CEAC4FE316CE974E00CEFD55 /* Release */ = {
			isa = XCBuildConfiguration;
			buildSettings = {
				GCC_PRECOMPILE_PREFIX_HEADER = YES;
				GCC_PREFIX_HEADER = "Oska2/Oska2-Prefix.pch";
				INFOPLIST_FILE = "Oska2/Oska2-Info.plist";
				PRODUCT_NAME = "$(TARGET_NAME)";
				WRAPPER_EXTENSION = app;
			};
			name = Release;
		};
/* End XCBuildConfiguration section */

/* Begin XCConfigurationList section */
		CEAC4FBD16CE974D00CEFD55 /* Build configuration list for PBXProject "Oska2" */ = {
			isa = XCConfigurationList;
			buildConfigurations = (
				CEAC4FDF16CE974E00CEFD55 /* Debug */,
				CEAC4FE016CE974E00CEFD55 /* Release */,
			);
			defaultConfigurationIsVisible = 0;
			defaultConfigurationName = Release;
		};
		CEAC4FE116CE974E00CEFD55 /* Build configuration list for PBXNativeTarget "Oska2" */ = {
			isa = XCConfigurationList;
			buildConfigurations = (
				CEAC4FE216CE974E00CEFD55 /* Debug */,
				CEAC4FE316CE974E00CEFD55 /* Release */,
			);
			defaultConfigurationIsVisible = 0;
			defaultConfigurationName = Release;
		};
/* End XCConfigurationList section */
	};
	rootObject = CEAC4FBA16CE974D00CEFD55 /* Project object */;
}
